
Microsoft Visual Studio Solution File, Format Version 12.00
# Visual Studio Version 16
VisualStudioVersion = 16.0.29326.143
MinimumVisualStudioVersion = 15.0.26124.0
Project("{2150E333-8FDC-42A3-9474-1A3956D46DE8}") = "src", "src", "{A367C545-36B2-4BDB-8D69-4741330C2C52}"
EndProject
Project("{9A19103F-16F7-4668-BE54-9A1E7A4F7556}") = "AutofacIssue.MissingModifiedDate", "src\AutofacIssue.MissingModifiedDate\AutofacIssue.MissingModifiedDate.csproj", "{32F1CCE2-B02F-4B91-94C5-E3B352D298F9}"
EndProject
Global
	GlobalSection(SolutionConfigurationPlatforms) = preSolution
		Debug|Any CPU = Debug|Any CPU
		Release|Any CPU = Release|Any CPU
	EndGlobalSection
	GlobalSection(ProjectConfigurationPlatforms) = postSolution
		{32F1CCE2-B02F-4B91-94C5-E3B352D298F9}.Debug|Any CPU.ActiveCfg = Debug|Any CPU
		{32F1CCE2-B02F-4B91-94C5-E3B352D298F9}.Debug|Any CPU.Build.0 = Debug|Any CPU
		{32F1CCE2-B02F-4B91-94C5-E3B352D298F9}.Release|Any CPU.ActiveCfg = Release|Any CPU
		{32F1CCE2-B02F-4B91-94C5-E3B352D298F9}.Release|Any CPU.Build.0 = Release|Any CPU
	EndGlobalSection
	GlobalSection(SolutionProperties) = preSolution
		HideSolutionNode = FALSE
	EndGlobalSection
	GlobalSection(NestedProjects) = preSolution
		{32F1CCE2-B02F-4B91-94C5-E3B352D298F9} = {A367C545-36B2-4BDB-8D69-4741330C2C52}
	EndGlobalSection
	GlobalSection(ExtensibilityGlobals) = postSolution
		SolutionGuid = {2D9901CF-C459-4348-BB2D-D7D84999D8F2}
	EndGlobalSection
EndGlobal
